
Microsoft Visual Studio Solution File, Format Version 12.00
# Visual Studio Version 17
VisualStudioVersion = 17.4.33205.214
MinimumVisualStudioVersion = 10.0.40219.1
Project("{FAE04EC0-301F-11D3-BF4B-00C04F79EFBC}") = "Npgsql CRUD", "Npgsql CRUD\Npgsql CRUD.csproj", "{6E2B607A-76FF-4B6C-93F3-6A5E5FD382EA}"
EndProject
Global
	GlobalSection(SolutionConfigurationPlatforms) = preSolution
		Debug|Any CPU = Debug|Any CPU
		Release|Any CPU = Release|Any CPU
	EndGlobalSection
	GlobalSection(ProjectConfigurationPlatforms) = postSolution
		{6E2B607A-76FF-4B6C-93F3-6A5E5FD382EA}.Debug|Any CPU.ActiveCfg = Debug|Any CPU
		{6E2B607A-76FF-4B6C-93F3-6A5E5FD382EA}.Debug|Any CPU.Build.0 = Debug|Any CPU
		{6E2B607A-76FF-4B6C-93F3-6A5E5FD382EA}.Release|Any CPU.ActiveCfg = Release|Any CPU
		{6E2B607A-76FF-4B6C-93F3-6A5E5FD382EA}.Release|Any CPU.Build.0 = Release|Any CPU
	EndGlobalSection
	GlobalSection(SolutionProperties) = preSolution
		HideSolutionNode = FALSE
	EndGlobalSection
	GlobalSection(ExtensibilityGlobals) = postSolution
		SolutionGuid = {9F4E36BD-5BDB-4923-A928-21F8F726BF8D}
	EndGlobalSection
EndGlobal
